
Microsoft Visual Studio Solution File, Format Version 12.00
# Visual Studio Version 17
VisualStudioVersion = 17.9.34728.123
MinimumVisualStudioVersion = 10.0.40219.1
Project("{FAE04EC0-301F-11D3-BF4B-00C04F79EFBC}") = "Supermarket.Challenge", "Supermarket.Challenge\Supermarket.Challenge.csproj", "{43E9336B-9D45-4760-A245-68D2F2319A0D}"
EndProject
Project("{2150E333-8FDC-42A3-9474-1A3956D46DE8}") = "Domain", "Domain", "{1DF5AE2A-2134-459E-9EE6-65476ED53CDB}"
EndProject
Project("{2150E333-8FDC-42A3-9474-1A3956D46DE8}") = "Services", "Services", "{16176FB0-D955-4095-B40E-9354C2EFCFDB}"
EndProject
Project("{2150E333-8FDC-42A3-9474-1A3956D46DE8}") = "Supermarket", "Supermarket", "{CD1CCB7F-DC0E-4EAB-856C-144D0745A966}"
EndProject
Project("{FAE04EC0-301F-11D3-BF4B-00C04F79EFBC}") = "Supermarket.Challenge.Domain", "Supermarket.Challenge.Domain\Supermarket.Challenge.Domain.csproj", "{E3C2898B-7DFA-4594-A096-90F8A59FD93B}"
EndProject
Project("{FAE04EC0-301F-11D3-BF4B-00C04F79EFBC}") = "Supermarket.Challenge.Services", "Supermarket.Challenge.Services\Supermarket.Challenge.Services.csproj", "{252556D5-9C3E-43E2-B291-9F7149222365}"
EndProject
Project("{2150E333-8FDC-42A3-9474-1A3956D46DE8}") = "Tests", "Tests", "{C05CF2A0-1B23-4EB8-B9CB-82FD61BD071D}"
EndProject
Project("{FAE04EC0-301F-11D3-BF4B-00C04F79EFBC}") = "Supermarket.Challenge.Tests", "Supermarket.Challenge.Tests\Supermarket.Challenge.Tests.csproj", "{9538E3F2-93B2-49C9-B296-B0D54AB2CBC2}"
EndProject
Global
	GlobalSection(SolutionConfigurationPlatforms) = preSolution
		Debug|Any CPU = Debug|Any CPU
		Release|Any CPU = Release|Any CPU
	EndGlobalSection
	GlobalSection(ProjectConfigurationPlatforms) = postSolution
		{43E9336B-9D45-4760-A245-68D2F2319A0D}.Debug|Any CPU.ActiveCfg = Debug|Any CPU
		{43E9336B-9D45-4760-A245-68D2F2319A0D}.Debug|Any CPU.Build.0 = Debug|Any CPU
		{43E9336B-9D45-4760-A245-68D2F2319A0D}.Release|Any CPU.ActiveCfg = Release|Any CPU
		{43E9336B-9D45-4760-A245-68D2F2319A0D}.Release|Any CPU.Build.0 = Release|Any CPU
		{E3C2898B-7DFA-4594-A096-90F8A59FD93B}.Debug|Any CPU.ActiveCfg = Debug|Any CPU
		{E3C2898B-7DFA-4594-A096-90F8A59FD93B}.Debug|Any CPU.Build.0 = Debug|Any CPU
		{E3C2898B-7DFA-4594-A096-90F8A59FD93B}.Release|Any CPU.ActiveCfg = Release|Any CPU
		{E3C2898B-7DFA-4594-A096-90F8A59FD93B}.Release|Any CPU.Build.0 = Release|Any CPU
		{252556D5-9C3E-43E2-B291-9F7149222365}.Debug|Any CPU.ActiveCfg = Debug|Any CPU
		{252556D5-9C3E-43E2-B291-9F7149222365}.Debug|Any CPU.Build.0 = Debug|Any CPU
		{252556D5-9C3E-43E2-B291-9F7149222365}.Release|Any CPU.ActiveCfg = Release|Any CPU
		{252556D5-9C3E-43E2-B291-9F7149222365}.Release|Any CPU.Build.0 = Release|Any CPU
		{9538E3F2-93B2-49C9-B296-B0D54AB2CBC2}.Debug|Any CPU.ActiveCfg = Debug|Any CPU
		{9538E3F2-93B2-49C9-B296-B0D54AB2CBC2}.Debug|Any CPU.Build.0 = Debug|Any CPU
		{9538E3F2-93B2-49C9-B296-B0D54AB2CBC2}.Release|Any CPU.ActiveCfg = Release|Any CPU
		{9538E3F2-93B2-49C9-B296-B0D54AB2CBC2}.Release|Any CPU.Build.0 = Release|Any CPU
	EndGlobalSection
	GlobalSection(SolutionProperties) = preSolution
		HideSolutionNode = FALSE
	EndGlobalSection
	GlobalSection(NestedProjects) = preSolution
		{43E9336B-9D45-4760-A245-68D2F2319A0D} = {CD1CCB7F-DC0E-4EAB-856C-144D0745A966}
		{E3C2898B-7DFA-4594-A096-90F8A59FD93B} = {1DF5AE2A-2134-459E-9EE6-65476ED53CDB}
		{252556D5-9C3E-43E2-B291-9F7149222365} = {16176FB0-D955-4095-B40E-9354C2EFCFDB}
		{9538E3F2-93B2-49C9-B296-B0D54AB2CBC2} = {C05CF2A0-1B23-4EB8-B9CB-82FD61BD071D}
	EndGlobalSection
	GlobalSection(ExtensibilityGlobals) = postSolution
		SolutionGuid = {FA04915C-B195-4D94-9373-4539A0F22E53}
	EndGlobalSection
EndGlobal
